
Microsoft Visual Studio Solution File, Format Version 12.00
# Visual Studio Version 16
VisualStudioVersion = 16.0.29409.12
MinimumVisualStudioVersion = 10.0.40219.1
Project("{FAE04EC0-301F-11D3-BF4B-00C04F79EFBC}") = "ComputerTeknoligProjekt", "ComputerTeknoligProjekt\ComputerTeknoligProjekt.csproj", "{1DB3B581-600E-4A02-8AC5-6DD36A855881}"
EndProject
Global
	GlobalSection(SolutionConfigurationPlatforms) = preSolution
		Debug|Any CPU = Debug|Any CPU
		Release|Any CPU = Release|Any CPU
	EndGlobalSection
	GlobalSection(ProjectConfigurationPlatforms) = postSolution
		{1DB3B581-600E-4A02-8AC5-6DD36A855881}.Debug|Any CPU.ActiveCfg = Debug|Any CPU
		{1DB3B581-600E-4A02-8AC5-6DD36A855881}.Debug|Any CPU.Build.0 = Debug|Any CPU
		{1DB3B581-600E-4A02-8AC5-6DD36A855881}.Release|Any CPU.ActiveCfg = Release|Any CPU
		{1DB3B581-600E-4A02-8AC5-6DD36A855881}.Release|Any CPU.Build.0 = Release|Any CPU
	EndGlobalSection
	GlobalSection(SolutionProperties) = preSolution
		HideSolutionNode = FALSE
	EndGlobalSection
	GlobalSection(ExtensibilityGlobals) = postSolution
		SolutionGuid = {98B01591-865C-495F-94B3-A6A872D5281D}
	EndGlobalSection
EndGlobal
