
Microsoft Visual Studio Solution File, Format Version 12.00
# Visual Studio Version 16
VisualStudioVersion = 16.0.29409.12
MinimumVisualStudioVersion = 10.0.40219.1
Project("{FAE04EC0-301F-11D3-BF4B-00C04F79EFBC}") = "CykelButik", "CykelButik\CykelButik.csproj", "{4F952D74-C049-4601-833B-94486CF5BEFE}"
EndProject
Global
	GlobalSection(SolutionConfigurationPlatforms) = preSolution
		Debug|Any CPU = Debug|Any CPU
		Release|Any CPU = Release|Any CPU
	EndGlobalSection
	GlobalSection(ProjectConfigurationPlatforms) = postSolution
		{4F952D74-C049-4601-833B-94486CF5BEFE}.Debug|Any CPU.ActiveCfg = Debug|Any CPU
		{4F952D74-C049-4601-833B-94486CF5BEFE}.Debug|Any CPU.Build.0 = Debug|Any CPU
		{4F952D74-C049-4601-833B-94486CF5BEFE}.Release|Any CPU.ActiveCfg = Release|Any CPU
		{4F952D74-C049-4601-833B-94486CF5BEFE}.Release|Any CPU.Build.0 = Release|Any CPU
	EndGlobalSection
	GlobalSection(SolutionProperties) = preSolution
		HideSolutionNode = FALSE
	EndGlobalSection
	GlobalSection(ExtensibilityGlobals) = postSolution
		SolutionGuid = {FA9D6D5E-BFEE-4A42-8859-9EC9CFC2A601}
	EndGlobalSection
EndGlobal
