
Microsoft Visual Studio Solution File, Format Version 12.00
# Visual Studio Version 16
VisualStudioVersion = 16.0.29409.12
MinimumVisualStudioVersion = 10.0.40219.1
Project("{FAE04EC0-301F-11D3-BF4B-00C04F79EFBC}") = "TælleProgram", "TælleProgram\TælleProgram.csproj", "{9D6D3550-5FF6-4E09-87F9-C63F4F922325}"
EndProject
Global
	GlobalSection(SolutionConfigurationPlatforms) = preSolution
		Debug|Any CPU = Debug|Any CPU
		Release|Any CPU = Release|Any CPU
	EndGlobalSection
	GlobalSection(ProjectConfigurationPlatforms) = postSolution
		{9D6D3550-5FF6-4E09-87F9-C63F4F922325}.Debug|Any CPU.ActiveCfg = Debug|Any CPU
		{9D6D3550-5FF6-4E09-87F9-C63F4F922325}.Debug|Any CPU.Build.0 = Debug|Any CPU
		{9D6D3550-5FF6-4E09-87F9-C63F4F922325}.Release|Any CPU.ActiveCfg = Release|Any CPU
		{9D6D3550-5FF6-4E09-87F9-C63F4F922325}.Release|Any CPU.Build.0 = Release|Any CPU
	EndGlobalSection
	GlobalSection(SolutionProperties) = preSolution
		HideSolutionNode = FALSE
	EndGlobalSection
	GlobalSection(ExtensibilityGlobals) = postSolution
		SolutionGuid = {366995B6-2ECE-4CAB-B58D-E262D5A0DBFE}
	EndGlobalSection
EndGlobal
